
Microsoft Visual Studio Solution File, Format Version 12.00
# Visual Studio Version 16
VisualStudioVersion = 16.0.30907.101
MinimumVisualStudioVersion = 10.0.40219.1
Project("{FAE04EC0-301F-11D3-BF4B-00C04F79EFBC}") = "RoverChallenge", "RoverChallenge\RoverChallenge.csproj", "{76792DBA-14C6-4E9C-A4B8-E8DC39B26FF0}"
EndProject
Project("{FAE04EC0-301F-11D3-BF4B-00C04F79EFBC}") = "RoverTest", "RoverTest\RoverTest.csproj", "{D63069FC-2632-4193-8560-91F42286DC92}"
EndProject
Global
	GlobalSection(SolutionConfigurationPlatforms) = preSolution
		Debug|Any CPU = Debug|Any CPU
		Release|Any CPU = Release|Any CPU
	EndGlobalSection
	GlobalSection(ProjectConfigurationPlatforms) = postSolution
		{76792DBA-14C6-4E9C-A4B8-E8DC39B26FF0}.Debug|Any CPU.ActiveCfg = Debug|Any CPU
		{76792DBA-14C6-4E9C-A4B8-E8DC39B26FF0}.Debug|Any CPU.Build.0 = Debug|Any CPU
		{76792DBA-14C6-4E9C-A4B8-E8DC39B26FF0}.Release|Any CPU.ActiveCfg = Release|Any CPU
		{76792DBA-14C6-4E9C-A4B8-E8DC39B26FF0}.Release|Any CPU.Build.0 = Release|Any CPU
		{D63069FC-2632-4193-8560-91F42286DC92}.Debug|Any CPU.ActiveCfg = Debug|Any CPU
		{D63069FC-2632-4193-8560-91F42286DC92}.Debug|Any CPU.Build.0 = Debug|Any CPU
		{D63069FC-2632-4193-8560-91F42286DC92}.Release|Any CPU.ActiveCfg = Release|Any CPU
		{D63069FC-2632-4193-8560-91F42286DC92}.Release|Any CPU.Build.0 = Release|Any CPU
	EndGlobalSection
	GlobalSection(SolutionProperties) = preSolution
		HideSolutionNode = FALSE
	EndGlobalSection
	GlobalSection(ExtensibilityGlobals) = postSolution
		SolutionGuid = {6755F1E2-33A7-4D71-8D62-228E793F8665}
	EndGlobalSection
EndGlobal
